
Microsoft Visual Studio Solution File, Format Version 12.00
# Visual Studio Version 16
VisualStudioVersion = 16.0.32602.291
MinimumVisualStudioVersion = 10.0.40219.1
Project("{FAE04EC0-301F-11D3-BF4B-00C04F79EFBC}") = "B78_N2_KTPM_TH_SELENIUM", "B78_N2_KTPM_TH_SELENIUM\B78_N2_KTPM_TH_SELENIUM.csproj", "{44BBF5B7-4FD2-4FD8-A936-AF24A547C163}"
EndProject
Global
	GlobalSection(SolutionConfigurationPlatforms) = preSolution
		Debug|Any CPU = Debug|Any CPU
		Release|Any CPU = Release|Any CPU
	EndGlobalSection
	GlobalSection(ProjectConfigurationPlatforms) = postSolution
		{44BBF5B7-4FD2-4FD8-A936-AF24A547C163}.Debug|Any CPU.ActiveCfg = Debug|Any CPU
		{44BBF5B7-4FD2-4FD8-A936-AF24A547C163}.Debug|Any CPU.Build.0 = Debug|Any CPU
		{44BBF5B7-4FD2-4FD8-A936-AF24A547C163}.Release|Any CPU.ActiveCfg = Release|Any CPU
		{44BBF5B7-4FD2-4FD8-A936-AF24A547C163}.Release|Any CPU.Build.0 = Release|Any CPU
	EndGlobalSection
	GlobalSection(SolutionProperties) = preSolution
		HideSolutionNode = FALSE
	EndGlobalSection
	GlobalSection(ExtensibilityGlobals) = postSolution
		SolutionGuid = {73AC535C-FDFD-462E-8171-B29CE51E5D6B}
	EndGlobalSection
EndGlobal
